
Microsoft Visual Studio Solution File, Format Version 12.00
# Visual Studio Version 17
VisualStudioVersion = 17.9.34728.123
MinimumVisualStudioVersion = 10.0.40219.1
Project("{9A19103F-16F7-4668-BE54-9A1E7A4F7556}") = "test_salephone", "test_salephone.csproj", "{CD3BEBD0-E9E3-46BC-8797-94CF1FCD2BAF}"
EndProject
Global
	GlobalSection(SolutionConfigurationPlatforms) = preSolution
		Debug|Any CPU = Debug|Any CPU
		Release|Any CPU = Release|Any CPU
	EndGlobalSection
	GlobalSection(ProjectConfigurationPlatforms) = postSolution
		{CD3BEBD0-E9E3-46BC-8797-94CF1FCD2BAF}.Debug|Any CPU.ActiveCfg = Debug|Any CPU
		{CD3BEBD0-E9E3-46BC-8797-94CF1FCD2BAF}.Debug|Any CPU.Build.0 = Debug|Any CPU
		{CD3BEBD0-E9E3-46BC-8797-94CF1FCD2BAF}.Release|Any CPU.ActiveCfg = Release|Any CPU
		{CD3BEBD0-E9E3-46BC-8797-94CF1FCD2BAF}.Release|Any CPU.Build.0 = Release|Any CPU
	EndGlobalSection
	GlobalSection(SolutionProperties) = preSolution
		HideSolutionNode = FALSE
	EndGlobalSection
	GlobalSection(ExtensibilityGlobals) = postSolution
		SolutionGuid = {60486C37-D00F-4DD5-8A7F-3D13D07B3916}
	EndGlobalSection
EndGlobal
